{
	"name": "ts-reflection",
	"lockfileVersion": 2,
	"requires": true,
	"packages": {
		"": {
			"license": "MIT",
			"workspaces": [
				"runtime",
				"transformer"
			],
			"devDependencies": {
				"@types/node": "^16.0.0",
				"ttypescript": "1.x",
				"typescript": "4.x"
			},
			"engines": {
				"node": ">=16.0.0",
				"npm": ">=7.10.0"
			}
		},
		"node_modules/@cspotcode/source-map-consumer": {
			"version": "0.8.0",
			"dev": true,
			"license": "BSD-3-Clause",
			"peer": true,
			"engines": {
				"node": ">= 12"
			}
		},
		"node_modules/@cspotcode/source-map-support": {
			"version": "0.7.0",
			"dev": true,
			"license": "MIT",
			"peer": true,
			"dependencies": {
				"@cspotcode/source-map-consumer": "0.8.0"
			},
			"engines": {
				"node": ">=12"
			}
		},
		"node_modules/@tsconfig/node10": {
			"version": "1.0.8",
			"dev": true,
			"license": "MIT",
			"peer": true
		},
		"node_modules/@tsconfig/node12": {
			"version": "1.0.9",
			"dev": true,
			"license": "MIT",
			"peer": true
		},
		"node_modules/@tsconfig/node14": {
			"version": "1.0.1",
			"dev": true,
			"license": "MIT",
			"peer": true
		},
		"node_modules/@tsconfig/node16": {
			"version": "1.0.2",
			"dev": true,
			"license": "MIT",
			"peer": true
		},
		"node_modules/@types/node": {
			"version": "16.11.21",
			"dev": true,
			"license": "MIT"
		},
		"node_modules/acorn": {
			"version": "8.7.0",
			"dev": true,
			"license": "MIT",
			"peer": true,
			"bin": {
				"acorn": "bin/acorn"
			},
			"engines": {
				"node": ">=0.4.0"
			}
		},
		"node_modules/acorn-walk": {
			"version": "8.2.0",
			"dev": true,
			"license": "MIT",
			"peer": true,
			"engines": {
				"node": ">=0.4.0"
			}
		},
		"node_modules/arg": {
			"version": "4.1.3",
			"dev": true,
			"license": "MIT",
			"peer": true
		},
		"node_modules/create-require": {
			"version": "1.1.1",
			"dev": true,
			"license": "MIT",
			"peer": true
		},
		"node_modules/diff": {
			"version": "4.0.2",
			"dev": true,
			"license": "BSD-3-Clause",
			"peer": true,
			"engines": {
				"node": ">=0.3.1"
			}
		},
		"node_modules/function-bind": {
			"version": "1.1.1",
			"dev": true,
			"license": "MIT"
		},
		"node_modules/has": {
			"version": "1.0.3",
			"dev": true,
			"license": "MIT",
			"dependencies": {
				"function-bind": "^1.1.1"
			},
			"engines": {
				"node": ">= 0.4.0"
			}
		},
		"node_modules/is-core-module": {
			"version": "2.8.1",
			"dev": true,
			"license": "MIT",
			"dependencies": {
				"has": "^1.0.3"
			},
			"funding": {
				"url": "https://github.com/sponsors/ljharb"
			}
		},
		"node_modules/make-error": {
			"version": "1.3.6",
			"dev": true,
			"license": "ISC",
			"peer": true
		},
		"node_modules/path-parse": {
			"version": "1.0.7",
			"dev": true,
			"license": "MIT"
		},
		"node_modules/resolve": {
			"version": "1.22.0",
			"dev": true,
			"license": "MIT",
			"dependencies": {
				"is-core-module": "^2.8.1",
				"path-parse": "^1.0.7",
				"supports-preserve-symlinks-flag": "^1.0.0"
			},
			"bin": {
				"resolve": "bin/resolve"
			},
			"funding": {
				"url": "https://github.com/sponsors/ljharb"
			}
		},
		"node_modules/supports-preserve-symlinks-flag": {
			"version": "1.0.0",
			"dev": true,
			"license": "MIT",
			"engines": {
				"node": ">= 0.4"
			},
			"funding": {
				"url": "https://github.com/sponsors/ljharb"
			}
		},
		"node_modules/ts-node": {
			"version": "10.4.0",
			"dev": true,
			"license": "MIT",
			"peer": true,
			"dependencies": {
				"@cspotcode/source-map-support": "0.7.0",
				"@tsconfig/node10": "^1.0.7",
				"@tsconfig/node12": "^1.0.7",
				"@tsconfig/node14": "^1.0.0",
				"@tsconfig/node16": "^1.0.2",
				"acorn": "^8.4.1",
				"acorn-walk": "^8.1.1",
				"arg": "^4.1.0",
				"create-require": "^1.1.0",
				"diff": "^4.0.1",
				"make-error": "^1.1.1",
				"yn": "3.1.1"
			},
			"bin": {
				"ts-node": "dist/bin.js",
				"ts-node-cwd": "dist/bin-cwd.js",
				"ts-node-script": "dist/bin-script.js",
				"ts-node-transpile-only": "dist/bin-transpile.js",
				"ts-script": "dist/bin-script-deprecated.js"
			},
			"peerDependencies": {
				"@swc/core": ">=1.2.50",
				"@swc/wasm": ">=1.2.50",
				"@types/node": "*",
				"typescript": ">=2.7"
			},
			"peerDependenciesMeta": {
				"@swc/core": {
					"optional": true
				},
				"@swc/wasm": {
					"optional": true
				}
			}
		},
		"node_modules/tst-reflect": {
			"resolved": "runtime",
			"link": true
		},
		"node_modules/tst-reflect-transformer": {
			"resolved": "transformer",
			"link": true
		},
		"node_modules/ttypescript": {
			"version": "1.5.13",
			"dev": true,
			"license": "MIT",
			"dependencies": {
				"resolve": ">=1.9.0"
			},
			"bin": {
				"ttsc": "bin/tsc",
				"ttsserver": "bin/tsserver"
			},
			"peerDependencies": {
				"ts-node": ">=8.0.2",
				"typescript": ">=3.2.2"
			}
		},
		"node_modules/typescript": {
			"version": "4.5.5",
			"license": "Apache-2.0",
			"bin": {
				"tsc": "bin/tsc",
				"tsserver": "bin/tsserver"
			},
			"engines": {
				"node": ">=4.2.0"
			}
		},
		"node_modules/yn": {
			"version": "3.1.1",
			"dev": true,
			"license": "MIT",
			"peer": true,
			"engines": {
				"node": ">=6"
			}
		},
		"runtime": {
			"name": "tst-reflect",
			"version": "0.6.0-alpha.10",
			"license": "MIT",
			"devDependencies": {
				"@types/node": "^16.0.0",
				"typescript": "^4.0.0"
			}
		},
		"transformer": {
			"name": "tst-reflect-transformer",
			"version": "0.8.5-alpha.5",
			"license": "MIT",
			"dependencies": {
				"tst-reflect": "^v0.6.0-alpha.10",
				"typescript": "^4.0.0"
			},
			"devDependencies": {
				"@types/node": "^16.0.0"
			}
		}
	},
	"dependencies": {
		"@cspotcode/source-map-consumer": {
			"version": "0.8.0",
			"dev": true,
			"peer": true
		},
		"@cspotcode/source-map-support": {
			"version": "0.7.0",
			"dev": true,
			"peer": true,
			"requires": {
				"@cspotcode/source-map-consumer": "0.8.0"
			}
		},
		"@tsconfig/node10": {
			"version": "1.0.8",
			"dev": true,
			"peer": true
		},
		"@tsconfig/node12": {
			"version": "1.0.9",
			"dev": true,
			"peer": true
		},
		"@tsconfig/node14": {
			"version": "1.0.1",
			"dev": true,
			"peer": true
		},
		"@tsconfig/node16": {
			"version": "1.0.2",
			"dev": true,
			"peer": true
		},
		"@types/node": {
			"version": "16.11.21",
			"dev": true
		},
		"acorn": {
			"version": "8.7.0",
			"dev": true,
			"peer": true
		},
		"acorn-walk": {
			"version": "8.2.0",
			"dev": true,
			"peer": true
		},
		"arg": {
			"version": "4.1.3",
			"dev": true,
			"peer": true
		},
		"create-require": {
			"version": "1.1.1",
			"dev": true,
			"peer": true
		},
		"diff": {
			"version": "4.0.2",
			"dev": true,
			"peer": true
		},
		"function-bind": {
			"version": "1.1.1",
			"dev": true
		},
		"has": {
			"version": "1.0.3",
			"dev": true,
			"requires": {
				"function-bind": "^1.1.1"
			}
		},
		"is-core-module": {
			"version": "2.8.1",
			"dev": true,
			"requires": {
				"has": "^1.0.3"
			}
		},
		"make-error": {
			"version": "1.3.6",
			"dev": true,
			"peer": true
		},
		"path-parse": {
			"version": "1.0.7",
			"dev": true
		},
		"resolve": {
			"version": "1.22.0",
			"dev": true,
			"requires": {
				"is-core-module": "^2.8.1",
				"path-parse": "^1.0.7",
				"supports-preserve-symlinks-flag": "^1.0.0"
			}
		},
		"supports-preserve-symlinks-flag": {
			"version": "1.0.0",
			"dev": true
		},
		"ts-node": {
			"version": "10.4.0",
			"dev": true,
			"peer": true,
			"requires": {
				"@cspotcode/source-map-support": "0.7.0",
				"@tsconfig/node10": "^1.0.7",
				"@tsconfig/node12": "^1.0.7",
				"@tsconfig/node14": "^1.0.0",
				"@tsconfig/node16": "^1.0.2",
				"acorn": "^8.4.1",
				"acorn-walk": "^8.1.1",
				"arg": "^4.1.0",
				"create-require": "^1.1.0",
				"diff": "^4.0.1",
				"make-error": "^1.1.1",
				"yn": "3.1.1"
			}
		},
		"tst-reflect": {
			"version": "file:runtime",
			"requires": {
				"@types/node": "^16.0.0",
				"typescript": "^4.0.0"
			}
		},
		"tst-reflect-transformer": {
			"version": "file:transformer",
			"requires": {
				"@types/node": "^16.0.0",
				"tst-reflect": "^v0.6.0-alpha.10",
				"typescript": "^4.0.0"
			}
		},
		"ttypescript": {
			"version": "1.5.13",
			"dev": true,
			"requires": {
				"resolve": ">=1.9.0"
			}
		},
		"typescript": {
			"version": "4.5.5"
		},
		"yn": {
			"version": "3.1.1",
			"dev": true,
			"peer": true
		}
	}
}
