{
  "name": "tst-reflect-transpile-module",
  "lockfileVersion": 2,
  "requires": true,
  "packages": {
    "": {
      "dependencies": {
        "tst-reflect": "^0.12.0",
        "tst-reflect-transformer": "^0.12.0",
        "ttypescript": "1.x",
        "typescript": "^4.8.0"
      },
      "devDependencies": {
        "@types/node": "x"
      }
    },
    "node_modules/@types/node": {
      "version": "18.11.5",
      "resolved": "https://registry.npmjs.org/@types/node/-/node-18.11.5.tgz",
      "integrity": "sha512-3JRwhbjI+cHLAkUorhf8RnqUbFXajvzX4q6fMn5JwkgtuwfYtRQYI3u4V92vI6NJuTsbBQWWh3RZjFsuevyMGQ==",
      "dev": true
    },
    "node_modules/function-bind": {
      "version": "1.1.1",
      "resolved": "https://registry.npmjs.org/function-bind/-/function-bind-1.1.1.tgz",
      "integrity": "sha512-yIovAzMX49sF8Yl58fSCWJ5svSLuaibPxXQJFLmBObTuCr0Mf1KiPopGM9NiFjiYBCbfaa2Fh6breQ6ANVTI0A=="
    },
    "node_modules/has": {
      "version": "1.0.3",
      "resolved": "https://registry.npmjs.org/has/-/has-1.0.3.tgz",
      "integrity": "sha512-f2dvO0VU6Oej7RkWJGrehjbzMAjFp5/VKPp5tTpWIV4JHHZK1/BxbFRtf/siA2SWTe09caDmVtYYzWEIbBS4zw==",
      "dependencies": {
        "function-bind": "^1.1.1"
      },
      "engines": {
        "node": ">= 0.4.0"
      }
    },
    "node_modules/is-core-module": {
      "version": "2.11.0",
      "resolved": "https://registry.npmjs.org/is-core-module/-/is-core-module-2.11.0.tgz",
      "integrity": "sha512-RRjxlvLDkD1YJwDbroBHMb+cukurkDWNyHx7D3oNB5x9rb5ogcksMC5wHCadcXoo67gVr/+3GFySh3134zi6rw==",
      "dependencies": {
        "has": "^1.0.3"
      },
      "funding": {
        "url": "https://github.com/sponsors/ljharb"
      }
    },
    "node_modules/path-parse": {
      "version": "1.0.7",
      "resolved": "https://registry.npmjs.org/path-parse/-/path-parse-1.0.7.tgz",
      "integrity": "sha512-LDJzPVEEEPR+y48z93A0Ed0yXb8pAByGWo/k5YYdYgpY2/2EsOsksJrq7lOHxryrVOn1ejG6oAp8ahvOIQD8sw=="
    },
    "node_modules/resolve": {
      "version": "1.22.1",
      "resolved": "https://registry.npmjs.org/resolve/-/resolve-1.22.1.tgz",
      "integrity": "sha512-nBpuuYuY5jFsli/JIs1oldw6fOQCBioohqWZg/2hiaOybXOft4lonv85uDOKXdf8rhyK159cxU5cDcK/NKk8zw==",
      "dependencies": {
        "is-core-module": "^2.9.0",
        "path-parse": "^1.0.7",
        "supports-preserve-symlinks-flag": "^1.0.0"
      },
      "bin": {
        "resolve": "bin/resolve"
      },
      "funding": {
        "url": "https://github.com/sponsors/ljharb"
      }
    },
    "node_modules/supports-preserve-symlinks-flag": {
      "version": "1.0.0",
      "resolved": "https://registry.npmjs.org/supports-preserve-symlinks-flag/-/supports-preserve-symlinks-flag-1.0.0.tgz",
      "integrity": "sha512-ot0WnXS9fgdkgIcePe6RHNk1WA8+muPa6cSjeR3V8K27q9BB1rTE3R1p7Hv0z1ZyAc8s6Vvv8DIyWf681MAt0w==",
      "engines": {
        "node": ">= 0.4"
      },
      "funding": {
        "url": "https://github.com/sponsors/ljharb"
      }
    },
    "node_modules/tst-reflect": {
      "version": "0.12.0",
      "resolved": "https://registry.npmjs.org/tst-reflect/-/tst-reflect-0.12.0.tgz",
      "integrity": "sha512-wMZTfm800Xc+ZlP+N3kAc0zZlVenUtuV8n7yYZR5MxBq6CFZQaW3UdYJ52nqDVZXrQGUhCrHf6LKiIhETvzlSA=="
    },
    "node_modules/tst-reflect-transformer": {
      "version": "0.12.3",
      "resolved": "https://registry.npmjs.org/tst-reflect-transformer/-/tst-reflect-transformer-0.12.3.tgz",
      "integrity": "sha512-9lCidwCPYrVXU7TbPKwH3H4NXum7Vbgl7aQWF7ZZXpFqUNGNlTF2ksvn9nKoAONgRnXauE6acgoleiEUMrsXoA==",
      "dependencies": {
        "tst-reflect": "^0.12.0",
        "typescript": "^4.0.0"
      }
    },
    "node_modules/ttypescript": {
      "version": "1.5.13",
      "resolved": "https://registry.npmjs.org/ttypescript/-/ttypescript-1.5.13.tgz",
      "integrity": "sha512-KT/RBfGGlVJFqEI8cVvI3nMsmYcFvPSZh8bU0qX+pAwbi7/ABmYkzn7l/K8skw0xmYjVCoyaV6WLsBQxdadybQ==",
      "dependencies": {
        "resolve": ">=1.9.0"
      },
      "bin": {
        "ttsc": "bin/tsc",
        "ttsserver": "bin/tsserver"
      },
      "peerDependencies": {
        "ts-node": ">=8.0.2",
        "typescript": ">=3.2.2"
      }
    },
    "node_modules/typescript": {
      "version": "4.8.4",
      "resolved": "https://registry.npmjs.org/typescript/-/typescript-4.8.4.tgz",
      "integrity": "sha512-QCh+85mCy+h0IGff8r5XWzOVSbBO+KfeYrMQh7NJ58QujwcE22u+NUSmUxqF+un70P9GXKxa2HCNiTTMJknyjQ==",
      "bin": {
        "tsc": "bin/tsc",
        "tsserver": "bin/tsserver"
      },
      "engines": {
        "node": ">=4.2.0"
      }
    }
  },
  "dependencies": {
    "@types/node": {
      "version": "18.11.5",
      "resolved": "https://registry.npmjs.org/@types/node/-/node-18.11.5.tgz",
      "integrity": "sha512-3JRwhbjI+cHLAkUorhf8RnqUbFXajvzX4q6fMn5JwkgtuwfYtRQYI3u4V92vI6NJuTsbBQWWh3RZjFsuevyMGQ==",
      "dev": true
    },
    "function-bind": {
      "version": "1.1.1",
      "resolved": "https://registry.npmjs.org/function-bind/-/function-bind-1.1.1.tgz",
      "integrity": "sha512-yIovAzMX49sF8Yl58fSCWJ5svSLuaibPxXQJFLmBObTuCr0Mf1KiPopGM9NiFjiYBCbfaa2Fh6breQ6ANVTI0A=="
    },
    "has": {
      "version": "1.0.3",
      "resolved": "https://registry.npmjs.org/has/-/has-1.0.3.tgz",
      "integrity": "sha512-f2dvO0VU6Oej7RkWJGrehjbzMAjFp5/VKPp5tTpWIV4JHHZK1/BxbFRtf/siA2SWTe09caDmVtYYzWEIbBS4zw==",
      "requires": {
        "function-bind": "^1.1.1"
      }
    },
    "is-core-module": {
      "version": "2.11.0",
      "resolved": "https://registry.npmjs.org/is-core-module/-/is-core-module-2.11.0.tgz",
      "integrity": "sha512-RRjxlvLDkD1YJwDbroBHMb+cukurkDWNyHx7D3oNB5x9rb5ogcksMC5wHCadcXoo67gVr/+3GFySh3134zi6rw==",
      "requires": {
        "has": "^1.0.3"
      }
    },
    "path-parse": {
      "version": "1.0.7",
      "resolved": "https://registry.npmjs.org/path-parse/-/path-parse-1.0.7.tgz",
      "integrity": "sha512-LDJzPVEEEPR+y48z93A0Ed0yXb8pAByGWo/k5YYdYgpY2/2EsOsksJrq7lOHxryrVOn1ejG6oAp8ahvOIQD8sw=="
    },
    "resolve": {
      "version": "1.22.1",
      "resolved": "https://registry.npmjs.org/resolve/-/resolve-1.22.1.tgz",
      "integrity": "sha512-nBpuuYuY5jFsli/JIs1oldw6fOQCBioohqWZg/2hiaOybXOft4lonv85uDOKXdf8rhyK159cxU5cDcK/NKk8zw==",
      "requires": {
        "is-core-module": "^2.9.0",
        "path-parse": "^1.0.7",
        "supports-preserve-symlinks-flag": "^1.0.0"
      }
    },
    "supports-preserve-symlinks-flag": {
      "version": "1.0.0",
      "resolved": "https://registry.npmjs.org/supports-preserve-symlinks-flag/-/supports-preserve-symlinks-flag-1.0.0.tgz",
      "integrity": "sha512-ot0WnXS9fgdkgIcePe6RHNk1WA8+muPa6cSjeR3V8K27q9BB1rTE3R1p7Hv0z1ZyAc8s6Vvv8DIyWf681MAt0w=="
    },
    "tst-reflect": {
      "version": "0.12.0",
      "resolved": "https://registry.npmjs.org/tst-reflect/-/tst-reflect-0.12.0.tgz",
      "integrity": "sha512-wMZTfm800Xc+ZlP+N3kAc0zZlVenUtuV8n7yYZR5MxBq6CFZQaW3UdYJ52nqDVZXrQGUhCrHf6LKiIhETvzlSA=="
    },
    "tst-reflect-transformer": {
      "version": "0.12.3",
      "resolved": "https://registry.npmjs.org/tst-reflect-transformer/-/tst-reflect-transformer-0.12.3.tgz",
      "integrity": "sha512-9lCidwCPYrVXU7TbPKwH3H4NXum7Vbgl7aQWF7ZZXpFqUNGNlTF2ksvn9nKoAONgRnXauE6acgoleiEUMrsXoA==",
      "requires": {
        "tst-reflect": "^0.12.0",
        "typescript": "^4.0.0"
      }
    },
    "ttypescript": {
      "version": "1.5.13",
      "resolved": "https://registry.npmjs.org/ttypescript/-/ttypescript-1.5.13.tgz",
      "integrity": "sha512-KT/RBfGGlVJFqEI8cVvI3nMsmYcFvPSZh8bU0qX+pAwbi7/ABmYkzn7l/K8skw0xmYjVCoyaV6WLsBQxdadybQ==",
      "requires": {
        "resolve": ">=1.9.0"
      }
    },
    "typescript": {
      "version": "4.8.4",
      "resolved": "https://registry.npmjs.org/typescript/-/typescript-4.8.4.tgz",
      "integrity": "sha512-QCh+85mCy+h0IGff8r5XWzOVSbBO+KfeYrMQh7NJ58QujwcE22u+NUSmUxqF+un70P9GXKxa2HCNiTTMJknyjQ=="
    }
  }
}
