{
  "name": "tst-reflect-transformer",
  "version": "0.7.1",
  "lockfileVersion": 1,
  "requires": true,
  "dependencies": {
    "@types/node": {
      "version": "14.17.20",
      "resolved": "https://registry.npmjs.org/@types/node/-/node-14.17.20.tgz",
      "integrity": "sha512-gI5Sl30tmhXsqkNvopFydP7ASc4c2cLfGNQrVKN3X90ADFWFsPEsotm/8JHSUJQKTHbwowAHtcJPeyVhtKv0TQ==",
      "dev": true
    },
    "tst-reflect": {
      "version": "0.4.1",
      "resolved": "https://registry.npmjs.org/tst-reflect/-/tst-reflect-0.4.1.tgz",
      "integrity": "sha512-hvUzh4cDysQOSXEV6dQdyiINJTbZExc7msmUTbYVc+M0/MR1PYAPFWS8aLsvG/kSz/KoJt0ZtNTMnJUxPbCJxg=="
    },
    "typescript": {
      "version": "4.4.3",
      "resolved": "https://registry.npmjs.org/typescript/-/typescript-4.4.3.tgz",
      "integrity": "sha512-4xfscpisVgqqDfPaJo5vkd+Qd/ItkoagnHpufr+i2QCHBsNYp+G7UAoyFl8aPtx879u38wPV65rZ8qbGZijalA=="
    }
  }
}
